
Microsoft Visual Studio Solution File, Format Version 12.00
# Visual Studio Version 17
VisualStudioVersion = 17.2.32630.192
MinimumVisualStudioVersion = 10.0.40219.1
Project("{2150E333-8FDC-42A3-9474-1A3956D46DE8}") = "Services", "Services", "{28961723-1E7F-4459-9137-8324400FCF93}"
EndProject
Project("{2150E333-8FDC-42A3-9474-1A3956D46DE8}") = "Presenters", "Presenters", "{0448D51A-7805-4D0F-8A0A-A09369B361C3}"
EndProject
Project("{9A19103F-16F7-4668-BE54-9A1E7A4F7556}") = "Company.Api", "Presenters\Company.Api\Company.Api.csproj", "{63A61065-BFB6-425D-A2BD-8587217953F1}"
EndProject
Project("{2150E333-8FDC-42A3-9474-1A3956D46DE8}") = "Common", "Common", "{D21EC6CD-3B0C-4CD3-966E-ED66760C90E2}"
EndProject
Project("{9A19103F-16F7-4668-BE54-9A1E7A4F7556}") = "Core", "Core\Core.csproj", "{FD854341-CDC0-4146-A49B-CB9BFD61704F}"
EndProject
Project("{9A19103F-16F7-4668-BE54-9A1E7A4F7556}") = "Domain", "Domain\Domain.csproj", "{8F6AA391-A099-4AB0-9AB2-2C2698A93A25}"
EndProject
Project("{9A19103F-16F7-4668-BE54-9A1E7A4F7556}") = "Middlewares", "Middlewares\Middlewares.csproj", "{1EE48445-077E-45C5-984F-31558F8B38F0}"
EndProject
Project("{2150E333-8FDC-42A3-9474-1A3956D46DE8}") = "Infrastructure", "Infrastructure", "{8CBA426F-C3F8-4041-BF35-E6958D19F892}"
EndProject
Project("{9A19103F-16F7-4668-BE54-9A1E7A4F7556}") = "Core.Data.Sql", "Core.Data.Sql\Core.Data.Sql.csproj", "{DEA56E12-B85B-4A44-9621-7F25A123715A}"
EndProject
Project("{9A19103F-16F7-4668-BE54-9A1E7A4F7556}") = "Company.Repositories", "Infrastructure\Company.Repositories.csproj", "{4DB297F9-975C-4217-9569-981E36475F00}"
EndProject
Project("{9A19103F-16F7-4668-BE54-9A1E7A4F7556}") = "Company.Services", "Services\Company.Services.csproj", "{9E39D964-2248-4323-9CF3-4B7A10B10055}"
EndProject
Global
	GlobalSection(SolutionConfigurationPlatforms) = preSolution
		Debug|Any CPU = Debug|Any CPU
		Desktop|Any CPU = Desktop|Any CPU
		PreProd|Any CPU = PreProd|Any CPU
		Prod|Any CPU = Prod|Any CPU
		Release|Any CPU = Release|Any CPU
		Stage|Any CPU = Stage|Any CPU
		Uat|Any CPU = Uat|Any CPU
	EndGlobalSection
	GlobalSection(ProjectConfigurationPlatforms) = postSolution
		{63A61065-BFB6-425D-A2BD-8587217953F1}.Debug|Any CPU.ActiveCfg = Debug|Any CPU
		{63A61065-BFB6-425D-A2BD-8587217953F1}.Debug|Any CPU.Build.0 = Debug|Any CPU
		{63A61065-BFB6-425D-A2BD-8587217953F1}.Desktop|Any CPU.ActiveCfg = Debug|Any CPU
		{63A61065-BFB6-425D-A2BD-8587217953F1}.Desktop|Any CPU.Build.0 = Debug|Any CPU
		{63A61065-BFB6-425D-A2BD-8587217953F1}.PreProd|Any CPU.ActiveCfg = Debug|Any CPU
		{63A61065-BFB6-425D-A2BD-8587217953F1}.PreProd|Any CPU.Build.0 = Debug|Any CPU
		{63A61065-BFB6-425D-A2BD-8587217953F1}.Prod|Any CPU.ActiveCfg = Debug|Any CPU
		{63A61065-BFB6-425D-A2BD-8587217953F1}.Prod|Any CPU.Build.0 = Debug|Any CPU
		{63A61065-BFB6-425D-A2BD-8587217953F1}.Release|Any CPU.ActiveCfg = Release|Any CPU
		{63A61065-BFB6-425D-A2BD-8587217953F1}.Release|Any CPU.Build.0 = Release|Any CPU
		{63A61065-BFB6-425D-A2BD-8587217953F1}.Stage|Any CPU.ActiveCfg = Debug|Any CPU
		{63A61065-BFB6-425D-A2BD-8587217953F1}.Stage|Any CPU.Build.0 = Debug|Any CPU
		{63A61065-BFB6-425D-A2BD-8587217953F1}.Uat|Any CPU.ActiveCfg = Debug|Any CPU
		{63A61065-BFB6-425D-A2BD-8587217953F1}.Uat|Any CPU.Build.0 = Debug|Any CPU
		{FD854341-CDC0-4146-A49B-CB9BFD61704F}.Debug|Any CPU.ActiveCfg = Debug|Any CPU
		{FD854341-CDC0-4146-A49B-CB9BFD61704F}.Debug|Any CPU.Build.0 = Debug|Any CPU
		{FD854341-CDC0-4146-A49B-CB9BFD61704F}.Desktop|Any CPU.ActiveCfg = Debug|Any CPU
		{FD854341-CDC0-4146-A49B-CB9BFD61704F}.Desktop|Any CPU.Build.0 = Debug|Any CPU
		{FD854341-CDC0-4146-A49B-CB9BFD61704F}.PreProd|Any CPU.ActiveCfg = Debug|Any CPU
		{FD854341-CDC0-4146-A49B-CB9BFD61704F}.PreProd|Any CPU.Build.0 = Debug|Any CPU
		{FD854341-CDC0-4146-A49B-CB9BFD61704F}.Prod|Any CPU.ActiveCfg = Debug|Any CPU
		{FD854341-CDC0-4146-A49B-CB9BFD61704F}.Prod|Any CPU.Build.0 = Debug|Any CPU
		{FD854341-CDC0-4146-A49B-CB9BFD61704F}.Release|Any CPU.ActiveCfg = Release|Any CPU
		{FD854341-CDC0-4146-A49B-CB9BFD61704F}.Release|Any CPU.Build.0 = Release|Any CPU
		{FD854341-CDC0-4146-A49B-CB9BFD61704F}.Stage|Any CPU.ActiveCfg = Debug|Any CPU
		{FD854341-CDC0-4146-A49B-CB9BFD61704F}.Stage|Any CPU.Build.0 = Debug|Any CPU
		{FD854341-CDC0-4146-A49B-CB9BFD61704F}.Uat|Any CPU.ActiveCfg = Debug|Any CPU
		{FD854341-CDC0-4146-A49B-CB9BFD61704F}.Uat|Any CPU.Build.0 = Debug|Any CPU
		{8F6AA391-A099-4AB0-9AB2-2C2698A93A25}.Debug|Any CPU.ActiveCfg = Debug|Any CPU
		{8F6AA391-A099-4AB0-9AB2-2C2698A93A25}.Debug|Any CPU.Build.0 = Debug|Any CPU
		{8F6AA391-A099-4AB0-9AB2-2C2698A93A25}.Desktop|Any CPU.ActiveCfg = Debug|Any CPU
		{8F6AA391-A099-4AB0-9AB2-2C2698A93A25}.Desktop|Any CPU.Build.0 = Debug|Any CPU
		{8F6AA391-A099-4AB0-9AB2-2C2698A93A25}.PreProd|Any CPU.ActiveCfg = Debug|Any CPU
		{8F6AA391-A099-4AB0-9AB2-2C2698A93A25}.PreProd|Any CPU.Build.0 = Debug|Any CPU
		{8F6AA391-A099-4AB0-9AB2-2C2698A93A25}.Prod|Any CPU.ActiveCfg = Debug|Any CPU
		{8F6AA391-A099-4AB0-9AB2-2C2698A93A25}.Prod|Any CPU.Build.0 = Debug|Any CPU
		{8F6AA391-A099-4AB0-9AB2-2C2698A93A25}.Release|Any CPU.ActiveCfg = Release|Any CPU
		{8F6AA391-A099-4AB0-9AB2-2C2698A93A25}.Release|Any CPU.Build.0 = Release|Any CPU
		{8F6AA391-A099-4AB0-9AB2-2C2698A93A25}.Stage|Any CPU.ActiveCfg = Debug|Any CPU
		{8F6AA391-A099-4AB0-9AB2-2C2698A93A25}.Stage|Any CPU.Build.0 = Debug|Any CPU
		{8F6AA391-A099-4AB0-9AB2-2C2698A93A25}.Uat|Any CPU.ActiveCfg = Debug|Any CPU
		{8F6AA391-A099-4AB0-9AB2-2C2698A93A25}.Uat|Any CPU.Build.0 = Debug|Any CPU
		{1EE48445-077E-45C5-984F-31558F8B38F0}.Debug|Any CPU.ActiveCfg = Debug|Any CPU
		{1EE48445-077E-45C5-984F-31558F8B38F0}.Debug|Any CPU.Build.0 = Debug|Any CPU
		{1EE48445-077E-45C5-984F-31558F8B38F0}.Desktop|Any CPU.ActiveCfg = Desktop|Any CPU
		{1EE48445-077E-45C5-984F-31558F8B38F0}.Desktop|Any CPU.Build.0 = Desktop|Any CPU
		{1EE48445-077E-45C5-984F-31558F8B38F0}.PreProd|Any CPU.ActiveCfg = Prod|Any CPU
		{1EE48445-077E-45C5-984F-31558F8B38F0}.PreProd|Any CPU.Build.0 = Prod|Any CPU
		{1EE48445-077E-45C5-984F-31558F8B38F0}.Prod|Any CPU.ActiveCfg = Prod|Any CPU
		{1EE48445-077E-45C5-984F-31558F8B38F0}.Prod|Any CPU.Build.0 = Prod|Any CPU
		{1EE48445-077E-45C5-984F-31558F8B38F0}.Release|Any CPU.ActiveCfg = Release|Any CPU
		{1EE48445-077E-45C5-984F-31558F8B38F0}.Release|Any CPU.Build.0 = Release|Any CPU
		{1EE48445-077E-45C5-984F-31558F8B38F0}.Stage|Any CPU.ActiveCfg = Stage|Any CPU
		{1EE48445-077E-45C5-984F-31558F8B38F0}.Stage|Any CPU.Build.0 = Stage|Any CPU
		{1EE48445-077E-45C5-984F-31558F8B38F0}.Uat|Any CPU.ActiveCfg = Uat|Any CPU
		{1EE48445-077E-45C5-984F-31558F8B38F0}.Uat|Any CPU.Build.0 = Uat|Any CPU
		{DEA56E12-B85B-4A44-9621-7F25A123715A}.Debug|Any CPU.ActiveCfg = Debug|Any CPU
		{DEA56E12-B85B-4A44-9621-7F25A123715A}.Debug|Any CPU.Build.0 = Debug|Any CPU
		{DEA56E12-B85B-4A44-9621-7F25A123715A}.Desktop|Any CPU.ActiveCfg = Debug|Any CPU
		{DEA56E12-B85B-4A44-9621-7F25A123715A}.Desktop|Any CPU.Build.0 = Debug|Any CPU
		{DEA56E12-B85B-4A44-9621-7F25A123715A}.PreProd|Any CPU.ActiveCfg = Debug|Any CPU
		{DEA56E12-B85B-4A44-9621-7F25A123715A}.PreProd|Any CPU.Build.0 = Debug|Any CPU
		{DEA56E12-B85B-4A44-9621-7F25A123715A}.Prod|Any CPU.ActiveCfg = Debug|Any CPU
		{DEA56E12-B85B-4A44-9621-7F25A123715A}.Prod|Any CPU.Build.0 = Debug|Any CPU
		{DEA56E12-B85B-4A44-9621-7F25A123715A}.Release|Any CPU.ActiveCfg = Release|Any CPU
		{DEA56E12-B85B-4A44-9621-7F25A123715A}.Release|Any CPU.Build.0 = Release|Any CPU
		{DEA56E12-B85B-4A44-9621-7F25A123715A}.Stage|Any CPU.ActiveCfg = Debug|Any CPU
		{DEA56E12-B85B-4A44-9621-7F25A123715A}.Stage|Any CPU.Build.0 = Debug|Any CPU
		{DEA56E12-B85B-4A44-9621-7F25A123715A}.Uat|Any CPU.ActiveCfg = Debug|Any CPU
		{DEA56E12-B85B-4A44-9621-7F25A123715A}.Uat|Any CPU.Build.0 = Debug|Any CPU
		{4DB297F9-975C-4217-9569-981E36475F00}.Debug|Any CPU.ActiveCfg = Debug|Any CPU
		{4DB297F9-975C-4217-9569-981E36475F00}.Debug|Any CPU.Build.0 = Debug|Any CPU
		{4DB297F9-975C-4217-9569-981E36475F00}.Desktop|Any CPU.ActiveCfg = Debug|Any CPU
		{4DB297F9-975C-4217-9569-981E36475F00}.Desktop|Any CPU.Build.0 = Debug|Any CPU
		{4DB297F9-975C-4217-9569-981E36475F00}.PreProd|Any CPU.ActiveCfg = Debug|Any CPU
		{4DB297F9-975C-4217-9569-981E36475F00}.PreProd|Any CPU.Build.0 = Debug|Any CPU
		{4DB297F9-975C-4217-9569-981E36475F00}.Prod|Any CPU.ActiveCfg = Debug|Any CPU
		{4DB297F9-975C-4217-9569-981E36475F00}.Prod|Any CPU.Build.0 = Debug|Any CPU
		{4DB297F9-975C-4217-9569-981E36475F00}.Release|Any CPU.ActiveCfg = Release|Any CPU
		{4DB297F9-975C-4217-9569-981E36475F00}.Release|Any CPU.Build.0 = Release|Any CPU
		{4DB297F9-975C-4217-9569-981E36475F00}.Stage|Any CPU.ActiveCfg = Debug|Any CPU
		{4DB297F9-975C-4217-9569-981E36475F00}.Stage|Any CPU.Build.0 = Debug|Any CPU
		{4DB297F9-975C-4217-9569-981E36475F00}.Uat|Any CPU.ActiveCfg = Debug|Any CPU
		{4DB297F9-975C-4217-9569-981E36475F00}.Uat|Any CPU.Build.0 = Debug|Any CPU
		{9E39D964-2248-4323-9CF3-4B7A10B10055}.Debug|Any CPU.ActiveCfg = Debug|Any CPU
		{9E39D964-2248-4323-9CF3-4B7A10B10055}.Debug|Any CPU.Build.0 = Debug|Any CPU
		{9E39D964-2248-4323-9CF3-4B7A10B10055}.Desktop|Any CPU.ActiveCfg = Debug|Any CPU
		{9E39D964-2248-4323-9CF3-4B7A10B10055}.Desktop|Any CPU.Build.0 = Debug|Any CPU
		{9E39D964-2248-4323-9CF3-4B7A10B10055}.PreProd|Any CPU.ActiveCfg = Debug|Any CPU
		{9E39D964-2248-4323-9CF3-4B7A10B10055}.PreProd|Any CPU.Build.0 = Debug|Any CPU
		{9E39D964-2248-4323-9CF3-4B7A10B10055}.Prod|Any CPU.ActiveCfg = Debug|Any CPU
		{9E39D964-2248-4323-9CF3-4B7A10B10055}.Prod|Any CPU.Build.0 = Debug|Any CPU
		{9E39D964-2248-4323-9CF3-4B7A10B10055}.Release|Any CPU.ActiveCfg = Release|Any CPU
		{9E39D964-2248-4323-9CF3-4B7A10B10055}.Release|Any CPU.Build.0 = Release|Any CPU
		{9E39D964-2248-4323-9CF3-4B7A10B10055}.Stage|Any CPU.ActiveCfg = Debug|Any CPU
		{9E39D964-2248-4323-9CF3-4B7A10B10055}.Stage|Any CPU.Build.0 = Debug|Any CPU
		{9E39D964-2248-4323-9CF3-4B7A10B10055}.Uat|Any CPU.ActiveCfg = Debug|Any CPU
		{9E39D964-2248-4323-9CF3-4B7A10B10055}.Uat|Any CPU.Build.0 = Debug|Any CPU
	EndGlobalSection
	GlobalSection(SolutionProperties) = preSolution
		HideSolutionNode = FALSE
	EndGlobalSection
	GlobalSection(NestedProjects) = preSolution
		{63A61065-BFB6-425D-A2BD-8587217953F1} = {0448D51A-7805-4D0F-8A0A-A09369B361C3}
		{FD854341-CDC0-4146-A49B-CB9BFD61704F} = {D21EC6CD-3B0C-4CD3-966E-ED66760C90E2}
		{8F6AA391-A099-4AB0-9AB2-2C2698A93A25} = {D21EC6CD-3B0C-4CD3-966E-ED66760C90E2}
		{1EE48445-077E-45C5-984F-31558F8B38F0} = {D21EC6CD-3B0C-4CD3-966E-ED66760C90E2}
		{DEA56E12-B85B-4A44-9621-7F25A123715A} = {D21EC6CD-3B0C-4CD3-966E-ED66760C90E2}
		{4DB297F9-975C-4217-9569-981E36475F00} = {8CBA426F-C3F8-4041-BF35-E6958D19F892}
		{9E39D964-2248-4323-9CF3-4B7A10B10055} = {28961723-1E7F-4459-9137-8324400FCF93}
	EndGlobalSection
	GlobalSection(ExtensibilityGlobals) = postSolution
		SolutionGuid = {6CF10256-2B46-425C-94D1-D1785E74A15E}
	EndGlobalSection
EndGlobal
